
Microsoft Visual Studio Solution File, Format Version 12.00
# Visual Studio 15
VisualStudioVersion = 15.0.28010.2019
MinimumVisualStudioVersion = 10.0.40219.1
Project("{FAE04EC0-301F-11D3-BF4B-00C04F79EFBC}") = "Main", "Main\Main.csproj", "{D599CECF-34AD-4000-B4D4-B342FB0DED9F}"
EndProject
Global
	GlobalSection(SolutionConfigurationPlatforms) = preSolution
		Debug|Any CPU = Debug|Any CPU
		Release|Any CPU = Release|Any CPU
	EndGlobalSection
	GlobalSection(ProjectConfigurationPlatforms) = postSolution
		{D599CECF-34AD-4000-B4D4-B342FB0DED9F}.Debug|Any CPU.ActiveCfg = Debug|Any CPU
		{D599CECF-34AD-4000-B4D4-B342FB0DED9F}.Debug|Any CPU.Build.0 = Debug|Any CPU
		{D599CECF-34AD-4000-B4D4-B342FB0DED9F}.Release|Any CPU.ActiveCfg = Release|Any CPU
		{D599CECF-34AD-4000-B4D4-B342FB0DED9F}.Release|Any CPU.Build.0 = Release|Any CPU
	EndGlobalSection
	GlobalSection(SolutionProperties) = preSolution
		HideSolutionNode = FALSE
	EndGlobalSection
	GlobalSection(ExtensibilityGlobals) = postSolution
		SolutionGuid = {CD2EF5E2-754A-47A2-90E0-18756F1028FE}
	EndGlobalSection
EndGlobal
